
Microsoft Visual Studio Solution File, Format Version 12.00
# Visual Studio 14
VisualStudioVersion = 14.0.23107.0
MinimumVisualStudioVersion = 10.0.40219.1
Project("{FAE04EC0-301F-11D3-BF4B-00C04F79EFBC}") = "H2H", "H2H\H2H.csproj", "{CF098C2B-4314-4660-B67B-4EF80CF1BCAD}"
EndProject
Global
	GlobalSection(SolutionConfigurationPlatforms) = preSolution
		Debug|Any CPU = Debug|Any CPU
		Release|Any CPU = Release|Any CPU
	EndGlobalSection
	GlobalSection(ProjectConfigurationPlatforms) = postSolution
		{CF098C2B-4314-4660-B67B-4EF80CF1BCAD}.Debug|Any CPU.ActiveCfg = Debug|Any CPU
		{CF098C2B-4314-4660-B67B-4EF80CF1BCAD}.Debug|Any CPU.Build.0 = Debug|Any CPU
		{CF098C2B-4314-4660-B67B-4EF80CF1BCAD}.Release|Any CPU.ActiveCfg = Release|Any CPU
		{CF098C2B-4314-4660-B67B-4EF80CF1BCAD}.Release|Any CPU.Build.0 = Release|Any CPU
	EndGlobalSection
	GlobalSection(SolutionProperties) = preSolution
		HideSolutionNode = FALSE
	EndGlobalSection
EndGlobal
